
Microsoft Visual Studio Solution File, Format Version 12.00
# Visual Studio Version 17
VisualStudioVersion = 17.12.35707.178
MinimumVisualStudioVersion = 10.0.40219.1
Project("{FAE04EC0-301F-11D3-BF4B-00C04F79EFBC}") = "Task1_1", "Task1_1\Task1_1.csproj", "{7F6C4378-2B1C-4445-9BD9-A296058D08E9}"
EndProject
Project("{FAE04EC0-301F-11D3-BF4B-00C04F79EFBC}") = "Task1_2", "Task1_2\Task1_2.csproj", "{BE7F8C0F-CE99-4012-A203-AA8FB569DFA6}"
EndProject
Project("{FAE04EC0-301F-11D3-BF4B-00C04F79EFBC}") = "Task2_3", "Task2_3\Task2_3.csproj", "{063048D8-BC6A-4F01-8998-4D1893A27BF4}"
EndProject
Project("{FAE04EC0-301F-11D3-BF4B-00C04F79EFBC}") = "Task2_5", "Task2_5\Task2_5.csproj", "{0B174A8D-27CA-48DB-9098-D87BDFE2403F}"
EndProject
Project("{FAE04EC0-301F-11D3-BF4B-00C04F79EFBC}") = "Task2_2", "Task2_2\Task2_2.csproj", "{4EF460F4-3504-4737-BAAC-D9E90B3BACE4}"
EndProject
Project("{FAE04EC0-301F-11D3-BF4B-00C04F79EFBC}") = "Task2_1", "Task2_1\Task2_1.csproj", "{7C07C44D-C372-4DBD-905D-5A334BC6588E}"
EndProject
Project("{FAE04EC0-301F-11D3-BF4B-00C04F79EFBC}") = "Task4_1", "Task4_1\Task4_1.csproj", "{61526FCC-8649-4395-A4B1-EB96B317A3A8}"
EndProject
Project("{FAE04EC0-301F-11D3-BF4B-00C04F79EFBC}") = "Task4_2", "Task4_2\Task4_2.csproj", "{AAA9CEE3-C43B-4123-ABB3-D60CC80A731B}"
EndProject
Project("{FAE04EC0-301F-11D3-BF4B-00C04F79EFBC}") = "Task4_3", "Task4_3\Task4_3.csproj", "{98C0DAF1-8095-4321-A543-DC8EE316AD7F}"
EndProject
Project("{FAE04EC0-301F-11D3-BF4B-00C04F79EFBC}") = "Task4_4", "Task4_4\Task4_4.csproj", "{5D7E5E25-3E07-49B8-ADE4-55C1E3231C84}"
EndProject
Project("{FAE04EC0-301F-11D3-BF4B-00C04F79EFBC}") = "Task4_5", "Task4_5\Task4_5.csproj", "{8D95C3B8-5519-4969-A1A2-10E92CD5E92F}"
EndProject
Global
	GlobalSection(SolutionConfigurationPlatforms) = preSolution
		Debug|Any CPU = Debug|Any CPU
		Release|Any CPU = Release|Any CPU
	EndGlobalSection
	GlobalSection(ProjectConfigurationPlatforms) = postSolution
		{7F6C4378-2B1C-4445-9BD9-A296058D08E9}.Debug|Any CPU.ActiveCfg = Debug|Any CPU
		{7F6C4378-2B1C-4445-9BD9-A296058D08E9}.Debug|Any CPU.Build.0 = Debug|Any CPU
		{7F6C4378-2B1C-4445-9BD9-A296058D08E9}.Release|Any CPU.ActiveCfg = Release|Any CPU
		{7F6C4378-2B1C-4445-9BD9-A296058D08E9}.Release|Any CPU.Build.0 = Release|Any CPU
		{BE7F8C0F-CE99-4012-A203-AA8FB569DFA6}.Debug|Any CPU.ActiveCfg = Debug|Any CPU
		{BE7F8C0F-CE99-4012-A203-AA8FB569DFA6}.Debug|Any CPU.Build.0 = Debug|Any CPU
		{BE7F8C0F-CE99-4012-A203-AA8FB569DFA6}.Release|Any CPU.ActiveCfg = Release|Any CPU
		{BE7F8C0F-CE99-4012-A203-AA8FB569DFA6}.Release|Any CPU.Build.0 = Release|Any CPU
		{063048D8-BC6A-4F01-8998-4D1893A27BF4}.Debug|Any CPU.ActiveCfg = Debug|Any CPU
		{063048D8-BC6A-4F01-8998-4D1893A27BF4}.Debug|Any CPU.Build.0 = Debug|Any CPU
		{063048D8-BC6A-4F01-8998-4D1893A27BF4}.Release|Any CPU.ActiveCfg = Release|Any CPU
		{063048D8-BC6A-4F01-8998-4D1893A27BF4}.Release|Any CPU.Build.0 = Release|Any CPU
		{0B174A8D-27CA-48DB-9098-D87BDFE2403F}.Debug|Any CPU.ActiveCfg = Debug|Any CPU
		{0B174A8D-27CA-48DB-9098-D87BDFE2403F}.Debug|Any CPU.Build.0 = Debug|Any CPU
		{0B174A8D-27CA-48DB-9098-D87BDFE2403F}.Release|Any CPU.ActiveCfg = Release|Any CPU
		{0B174A8D-27CA-48DB-9098-D87BDFE2403F}.Release|Any CPU.Build.0 = Release|Any CPU
		{4EF460F4-3504-4737-BAAC-D9E90B3BACE4}.Debug|Any CPU.ActiveCfg = Debug|Any CPU
		{4EF460F4-3504-4737-BAAC-D9E90B3BACE4}.Debug|Any CPU.Build.0 = Debug|Any CPU
		{4EF460F4-3504-4737-BAAC-D9E90B3BACE4}.Release|Any CPU.ActiveCfg = Release|Any CPU
		{4EF460F4-3504-4737-BAAC-D9E90B3BACE4}.Release|Any CPU.Build.0 = Release|Any CPU
		{7C07C44D-C372-4DBD-905D-5A334BC6588E}.Debug|Any CPU.ActiveCfg = Debug|Any CPU
		{7C07C44D-C372-4DBD-905D-5A334BC6588E}.Debug|Any CPU.Build.0 = Debug|Any CPU
		{7C07C44D-C372-4DBD-905D-5A334BC6588E}.Release|Any CPU.ActiveCfg = Release|Any CPU
		{7C07C44D-C372-4DBD-905D-5A334BC6588E}.Release|Any CPU.Build.0 = Release|Any CPU
		{61526FCC-8649-4395-A4B1-EB96B317A3A8}.Debug|Any CPU.ActiveCfg = Debug|Any CPU
		{61526FCC-8649-4395-A4B1-EB96B317A3A8}.Debug|Any CPU.Build.0 = Debug|Any CPU
		{61526FCC-8649-4395-A4B1-EB96B317A3A8}.Release|Any CPU.ActiveCfg = Release|Any CPU
		{61526FCC-8649-4395-A4B1-EB96B317A3A8}.Release|Any CPU.Build.0 = Release|Any CPU
		{AAA9CEE3-C43B-4123-ABB3-D60CC80A731B}.Debug|Any CPU.ActiveCfg = Debug|Any CPU
		{AAA9CEE3-C43B-4123-ABB3-D60CC80A731B}.Debug|Any CPU.Build.0 = Debug|Any CPU
		{AAA9CEE3-C43B-4123-ABB3-D60CC80A731B}.Release|Any CPU.ActiveCfg = Release|Any CPU
		{AAA9CEE3-C43B-4123-ABB3-D60CC80A731B}.Release|Any CPU.Build.0 = Release|Any CPU
		{98C0DAF1-8095-4321-A543-DC8EE316AD7F}.Debug|Any CPU.ActiveCfg = Debug|Any CPU
		{98C0DAF1-8095-4321-A543-DC8EE316AD7F}.Debug|Any CPU.Build.0 = Debug|Any CPU
		{98C0DAF1-8095-4321-A543-DC8EE316AD7F}.Release|Any CPU.ActiveCfg = Release|Any CPU
		{98C0DAF1-8095-4321-A543-DC8EE316AD7F}.Release|Any CPU.Build.0 = Release|Any CPU
		{5D7E5E25-3E07-49B8-ADE4-55C1E3231C84}.Debug|Any CPU.ActiveCfg = Debug|Any CPU
		{5D7E5E25-3E07-49B8-ADE4-55C1E3231C84}.Debug|Any CPU.Build.0 = Debug|Any CPU
		{5D7E5E25-3E07-49B8-ADE4-55C1E3231C84}.Release|Any CPU.ActiveCfg = Release|Any CPU
		{5D7E5E25-3E07-49B8-ADE4-55C1E3231C84}.Release|Any CPU.Build.0 = Release|Any CPU
		{8D95C3B8-5519-4969-A1A2-10E92CD5E92F}.Debug|Any CPU.ActiveCfg = Debug|Any CPU
		{8D95C3B8-5519-4969-A1A2-10E92CD5E92F}.Debug|Any CPU.Build.0 = Debug|Any CPU
		{8D95C3B8-5519-4969-A1A2-10E92CD5E92F}.Release|Any CPU.ActiveCfg = Release|Any CPU
		{8D95C3B8-5519-4969-A1A2-10E92CD5E92F}.Release|Any CPU.Build.0 = Release|Any CPU
	EndGlobalSection
	GlobalSection(SolutionProperties) = preSolution
		HideSolutionNode = FALSE
	EndGlobalSection
	GlobalSection(ExtensibilityGlobals) = postSolution
		SolutionGuid = {AEA9E6A2-F3D5-4E7F-A0F3-6EBC5AC77AD3}
	EndGlobalSection
EndGlobal
