
Microsoft Visual Studio Solution File, Format Version 12.00
# Visual Studio Version 17
VisualStudioVersion = 17.12.35707.178
MinimumVisualStudioVersion = 10.0.40219.1
Project("{FAE04EC0-301F-11D3-BF4B-00C04F79EFBC}") = "Task1_1", "Task1_1\Task1_1.csproj", "{7F6C4378-2B1C-4445-9BD9-A296058D08E9}"
EndProject
Project("{FAE04EC0-301F-11D3-BF4B-00C04F79EFBC}") = "Task1_2", "Task1_2\Task1_2.csproj", "{BE7F8C0F-CE99-4012-A203-AA8FB569DFA6}"
EndProject
Project("{FAE04EC0-301F-11D3-BF4B-00C04F79EFBC}") = "Task2_3", "Task2_3\Task2_3.csproj", "{063048D8-BC6A-4F01-8998-4D1893A27BF4}"
EndProject
Project("{FAE04EC0-301F-11D3-BF4B-00C04F79EFBC}") = "Task2_5", "Task2_5\Task2_5.csproj", "{0B174A8D-27CA-48DB-9098-D87BDFE2403F}"
EndProject
Project("{FAE04EC0-301F-11D3-BF4B-00C04F79EFBC}") = "Task2_2", "Task2_2\Task2_2.csproj", "{4EF460F4-3504-4737-BAAC-D9E90B3BACE4}"
EndProject
Project("{FAE04EC0-301F-11D3-BF4B-00C04F79EFBC}") = "Task2_1", "Task2_1\Task2_1.csproj", "{7C07C44D-C372-4DBD-905D-5A334BC6588E}"
EndProject
Project("{FAE04EC0-301F-11D3-BF4B-00C04F79EFBC}") = "Task5_1", "Task5_1\Task5_1.csproj", "{E75C5A6E-D78E-4A44-A43D-8D36486E6B4A}"
EndProject
Project("{FAE04EC0-301F-11D3-BF4B-00C04F79EFBC}") = "Task5_2", "Task5_2\Task5_2.csproj", "{4BF3F053-7833-4AEC-9D53-4FE6BB44F56E}"
EndProject
Project("{FAE04EC0-301F-11D3-BF4B-00C04F79EFBC}") = "Task5_3", "Task5_3\Task5_3.csproj", "{70E59D3F-6120-448B-9DD0-2A79841C34E7}"
EndProject
Project("{FAE04EC0-301F-11D3-BF4B-00C04F79EFBC}") = "Task5_4", "Task5_4\Task5_4.csproj", "{0E0AA37E-BDCE-4B05-B91D-B30B3E431D08}"
EndProject
Project("{FAE04EC0-301F-11D3-BF4B-00C04F79EFBC}") = "Task5_5", "Task5_5\Task5_5.csproj", "{1A1E241D-215D-4188-8BDE-DA8C1EE2445B}"
EndProject
Project("{FAE04EC0-301F-11D3-BF4B-00C04F79EFBC}") = "Task5_6", "Task5_6\Task5_6.csproj", "{A685FDBA-D855-445F-807B-384E22319689}"
EndProject
Project("{FAE04EC0-301F-11D3-BF4B-00C04F79EFBC}") = "Task5_7", "Task5_7\Task5_7.csproj", "{8445E431-E8E8-43B0-B156-0B17AB4EF412}"
EndProject
Global
	GlobalSection(SolutionConfigurationPlatforms) = preSolution
		Debug|Any CPU = Debug|Any CPU
		Release|Any CPU = Release|Any CPU
	EndGlobalSection
	GlobalSection(ProjectConfigurationPlatforms) = postSolution
		{7F6C4378-2B1C-4445-9BD9-A296058D08E9}.Debug|Any CPU.ActiveCfg = Debug|Any CPU
		{7F6C4378-2B1C-4445-9BD9-A296058D08E9}.Debug|Any CPU.Build.0 = Debug|Any CPU
		{7F6C4378-2B1C-4445-9BD9-A296058D08E9}.Release|Any CPU.ActiveCfg = Release|Any CPU
		{7F6C4378-2B1C-4445-9BD9-A296058D08E9}.Release|Any CPU.Build.0 = Release|Any CPU
		{BE7F8C0F-CE99-4012-A203-AA8FB569DFA6}.Debug|Any CPU.ActiveCfg = Debug|Any CPU
		{BE7F8C0F-CE99-4012-A203-AA8FB569DFA6}.Debug|Any CPU.Build.0 = Debug|Any CPU
		{BE7F8C0F-CE99-4012-A203-AA8FB569DFA6}.Release|Any CPU.ActiveCfg = Release|Any CPU
		{BE7F8C0F-CE99-4012-A203-AA8FB569DFA6}.Release|Any CPU.Build.0 = Release|Any CPU
		{063048D8-BC6A-4F01-8998-4D1893A27BF4}.Debug|Any CPU.ActiveCfg = Debug|Any CPU
		{063048D8-BC6A-4F01-8998-4D1893A27BF4}.Debug|Any CPU.Build.0 = Debug|Any CPU
		{063048D8-BC6A-4F01-8998-4D1893A27BF4}.Release|Any CPU.ActiveCfg = Release|Any CPU
		{063048D8-BC6A-4F01-8998-4D1893A27BF4}.Release|Any CPU.Build.0 = Release|Any CPU
		{0B174A8D-27CA-48DB-9098-D87BDFE2403F}.Debug|Any CPU.ActiveCfg = Debug|Any CPU
		{0B174A8D-27CA-48DB-9098-D87BDFE2403F}.Debug|Any CPU.Build.0 = Debug|Any CPU
		{0B174A8D-27CA-48DB-9098-D87BDFE2403F}.Release|Any CPU.ActiveCfg = Release|Any CPU
		{0B174A8D-27CA-48DB-9098-D87BDFE2403F}.Release|Any CPU.Build.0 = Release|Any CPU
		{4EF460F4-3504-4737-BAAC-D9E90B3BACE4}.Debug|Any CPU.ActiveCfg = Debug|Any CPU
		{4EF460F4-3504-4737-BAAC-D9E90B3BACE4}.Debug|Any CPU.Build.0 = Debug|Any CPU
		{4EF460F4-3504-4737-BAAC-D9E90B3BACE4}.Release|Any CPU.ActiveCfg = Release|Any CPU
		{4EF460F4-3504-4737-BAAC-D9E90B3BACE4}.Release|Any CPU.Build.0 = Release|Any CPU
		{7C07C44D-C372-4DBD-905D-5A334BC6588E}.Debug|Any CPU.ActiveCfg = Debug|Any CPU
		{7C07C44D-C372-4DBD-905D-5A334BC6588E}.Debug|Any CPU.Build.0 = Debug|Any CPU
		{7C07C44D-C372-4DBD-905D-5A334BC6588E}.Release|Any CPU.ActiveCfg = Release|Any CPU
		{7C07C44D-C372-4DBD-905D-5A334BC6588E}.Release|Any CPU.Build.0 = Release|Any CPU
		{E75C5A6E-D78E-4A44-A43D-8D36486E6B4A}.Debug|Any CPU.ActiveCfg = Debug|Any CPU
		{E75C5A6E-D78E-4A44-A43D-8D36486E6B4A}.Debug|Any CPU.Build.0 = Debug|Any CPU
		{E75C5A6E-D78E-4A44-A43D-8D36486E6B4A}.Release|Any CPU.ActiveCfg = Release|Any CPU
		{E75C5A6E-D78E-4A44-A43D-8D36486E6B4A}.Release|Any CPU.Build.0 = Release|Any CPU
		{4BF3F053-7833-4AEC-9D53-4FE6BB44F56E}.Debug|Any CPU.ActiveCfg = Debug|Any CPU
		{4BF3F053-7833-4AEC-9D53-4FE6BB44F56E}.Debug|Any CPU.Build.0 = Debug|Any CPU
		{4BF3F053-7833-4AEC-9D53-4FE6BB44F56E}.Release|Any CPU.ActiveCfg = Release|Any CPU
		{4BF3F053-7833-4AEC-9D53-4FE6BB44F56E}.Release|Any CPU.Build.0 = Release|Any CPU
		{70E59D3F-6120-448B-9DD0-2A79841C34E7}.Debug|Any CPU.ActiveCfg = Debug|Any CPU
		{70E59D3F-6120-448B-9DD0-2A79841C34E7}.Debug|Any CPU.Build.0 = Debug|Any CPU
		{70E59D3F-6120-448B-9DD0-2A79841C34E7}.Release|Any CPU.ActiveCfg = Release|Any CPU
		{70E59D3F-6120-448B-9DD0-2A79841C34E7}.Release|Any CPU.Build.0 = Release|Any CPU
		{0E0AA37E-BDCE-4B05-B91D-B30B3E431D08}.Debug|Any CPU.ActiveCfg = Debug|Any CPU
		{0E0AA37E-BDCE-4B05-B91D-B30B3E431D08}.Debug|Any CPU.Build.0 = Debug|Any CPU
		{0E0AA37E-BDCE-4B05-B91D-B30B3E431D08}.Release|Any CPU.ActiveCfg = Release|Any CPU
		{0E0AA37E-BDCE-4B05-B91D-B30B3E431D08}.Release|Any CPU.Build.0 = Release|Any CPU
		{1A1E241D-215D-4188-8BDE-DA8C1EE2445B}.Debug|Any CPU.ActiveCfg = Debug|Any CPU
		{1A1E241D-215D-4188-8BDE-DA8C1EE2445B}.Debug|Any CPU.Build.0 = Debug|Any CPU
		{1A1E241D-215D-4188-8BDE-DA8C1EE2445B}.Release|Any CPU.ActiveCfg = Release|Any CPU
		{1A1E241D-215D-4188-8BDE-DA8C1EE2445B}.Release|Any CPU.Build.0 = Release|Any CPU
		{A685FDBA-D855-445F-807B-384E22319689}.Debug|Any CPU.ActiveCfg = Debug|Any CPU
		{A685FDBA-D855-445F-807B-384E22319689}.Debug|Any CPU.Build.0 = Debug|Any CPU
		{A685FDBA-D855-445F-807B-384E22319689}.Release|Any CPU.ActiveCfg = Release|Any CPU
		{A685FDBA-D855-445F-807B-384E22319689}.Release|Any CPU.Build.0 = Release|Any CPU
		{8445E431-E8E8-43B0-B156-0B17AB4EF412}.Debug|Any CPU.ActiveCfg = Debug|Any CPU
		{8445E431-E8E8-43B0-B156-0B17AB4EF412}.Debug|Any CPU.Build.0 = Debug|Any CPU
		{8445E431-E8E8-43B0-B156-0B17AB4EF412}.Release|Any CPU.ActiveCfg = Release|Any CPU
		{8445E431-E8E8-43B0-B156-0B17AB4EF412}.Release|Any CPU.Build.0 = Release|Any CPU
	EndGlobalSection
	GlobalSection(SolutionProperties) = preSolution
		HideSolutionNode = FALSE
	EndGlobalSection
	GlobalSection(ExtensibilityGlobals) = postSolution
		SolutionGuid = {FA3EF9A4-DFF9-4DA6-B02A-123498F83164}
	EndGlobalSection
EndGlobal
